# THIS IS AN AUTOGENERATED FILE. DO NOT EDIT THIS FILE DIRECTLY.
# yarn lockfile v1


python-shell@^3.0.1:
  version "3.0.1"
  resolved "https://registry.npmjs.org/python-shell/-/python-shell-3.0.1.tgz"
  integrity sha512-TWeotuxe1auhXa5bGRScxnc2J+0r41NBntSa6RYZtMBLtAEsvCboKrEbW6DvASosWQepVkhZZlT3B5Ei766G+Q==
